
Microsoft Visual Studio Solution File, Format Version 12.00
Project("{FAE04EC0-301F-11D3-BF4B-00C04F79EFBC}") = "YMDB", "YMDB\YMDB.csproj", "{69DDE9E8-7745-4BAD-92C8-4D141CE60683}"
EndProject
Global
	GlobalSection(SolutionConfigurationPlatforms) = preSolution
		Debug|Any CPU = Debug|Any CPU
		Release|Any CPU = Release|Any CPU
	EndGlobalSection
	GlobalSection(ProjectConfigurationPlatforms) = postSolution
		{69DDE9E8-7745-4BAD-92C8-4D141CE60683}.Debug|Any CPU.ActiveCfg = Debug|Any CPU
		{69DDE9E8-7745-4BAD-92C8-4D141CE60683}.Debug|Any CPU.Build.0 = Debug|Any CPU
		{69DDE9E8-7745-4BAD-92C8-4D141CE60683}.Release|Any CPU.ActiveCfg = Release|Any CPU
		{69DDE9E8-7745-4BAD-92C8-4D141CE60683}.Release|Any CPU.Build.0 = Release|Any CPU
	EndGlobalSection
EndGlobal
